{
  "name": "@codeite/upcoming-responsibilities",
  "version": "1.0.2",
  "lockfileVersion": 1,
  "requires": true,
  "dependencies": {
    "iso8601-repeating-interval": {
      "version": "0.1.4",
      "resolved": "https://registry.npmjs.org/iso8601-repeating-interval/-/iso8601-repeating-interval-0.1.4.tgz",
      "integrity": "sha1-ZyhNboZNmM+fgk01qpb1RR3U+jU=",
      "requires": {
        "moment": "2.22.2"
      }
    },
    "moment": {
      "version": "2.22.2",
      "resolved": "https://registry.npmjs.org/moment/-/moment-2.22.2.tgz",
      "integrity": "sha1-PCV/mDn8DpP/UxSWMiOeuQeD/2Y="
    }
  }
}
